// !$*UTF8*$!
{
	archiveVersion = 1;
	classes = {
	};
	objectVersion = 48;
	objects = {

/* Begin PBXBuildFile section */
		2A55B3EC15813C815ADF9C90 /* Pods_FirePage.framework in Frameworks */ = {isa = PBXBuildFile; fileRef = 8A2D703D5FEBDD56C4BCEDEE /* Pods_FirePage.framework */; };
		8CF9F198A1F02EFFFAC76B6D /* Pods_FirePageTests.framework in Frameworks */ = {isa = PBXBuildFile; fileRef = 9DA8349D411B12345576663A /* Pods_FirePageTests.framework */; };
		9152CDF08F8E58F300BBBE2B /* Pods_FirePageUITests.framework in Frameworks */ = {isa = PBXBuildFile; fileRef = 2B9F824EE1739DDE026B9E3A /* Pods_FirePageUITests.framework */; };
		B7058C5E1FCFA10400D2368B /* LoginViewController.swift in Sources */ = {isa = PBXBuildFile; fileRef = B7058C5D1FCFA10400D2368B /* LoginViewController.swift */; };
		B7058C601FCFA15000D2368B /* AccountController.swift in Sources */ = {isa = PBXBuildFile; fileRef = B7058C5F1FCFA15000D2368B /* AccountController.swift */; };
		B7058C621FCFA19D00D2368B /* LeftFireField.swift in Sources */ = {isa = PBXBuildFile; fileRef = B7058C611FCFA19D00D2368B /* LeftFireField.swift */; };
		B7058C641FCFA28B00D2368B /* FireButton.swift in Sources */ = {isa = PBXBuildFile; fileRef = B7058C631FCFA28B00D2368B /* FireButton.swift */; };
		B7194FEE1FB36346000A954E /* CustomLabel.swift in Sources */ = {isa = PBXBuildFile; fileRef = B7194FED1FB36346000A954E /* CustomLabel.swift */; };
		B7194FF31FB3658C000A954E /* UIViewControllerExtension.swift in Sources */ = {isa = PBXBuildFile; fileRef = B7194FF21FB3658C000A954E /* UIViewControllerExtension.swift */; };
		B7194FF51FB38146000A954E /* CustomButton.swift in Sources */ = {isa = PBXBuildFile; fileRef = B7194FF41FB38146000A954E /* CustomButton.swift */; };
		B73083941FCCE83D000AD305 /* GradientView.swift in Sources */ = {isa = PBXBuildFile; fileRef = B73083921FCCE83D000AD305 /* GradientView.swift */; };
		B73083951FCCE83D000AD305 /* FIreTextField.swift in Sources */ = {isa = PBXBuildFile; fileRef = B73083931FCCE83D000AD305 /* FIreTextField.swift */; };
		B73083B11FCCE8F4000AD305 /* UITextFieldExtensions.swift in Sources */ = {isa = PBXBuildFile; fileRef = B73083B01FCCE8F4000AD305 /* UITextFieldExtensions.swift */; };
		B73083B51FCCE969000AD305 /* DormCollectionViewCell.swift in Sources */ = {isa = PBXBuildFile; fileRef = B73083B31FCCE969000AD305 /* DormCollectionViewCell.swift */; };
		B73083B61FCCE969000AD305 /* HelplineViewController.swift in Sources */ = {isa = PBXBuildFile; fileRef = B73083B41FCCE969000AD305 /* HelplineViewController.swift */; };
		B757595F1FAFE81D006845E9 /* AppDelegate.swift in Sources */ = {isa = PBXBuildFile; fileRef = B757595E1FAFE81D006845E9 /* AppDelegate.swift */; };
		B75759611FAFE81D006845E9 /* ViewController.swift in Sources */ = {isa = PBXBuildFile; fileRef = B75759601FAFE81D006845E9 /* ViewController.swift */; };
		B75759641FAFE81D006845E9 /* Main.storyboard in Resources */ = {isa = PBXBuildFile; fileRef = B75759621FAFE81D006845E9 /* Main.storyboard */; };
		B75759661FAFE81D006845E9 /* Assets.xcassets in Resources */ = {isa = PBXBuildFile; fileRef = B75759651FAFE81D006845E9 /* Assets.xcassets */; };
		B75759691FAFE81D006845E9 /* LaunchScreen.storyboard in Resources */ = {isa = PBXBuildFile; fileRef = B75759671FAFE81D006845E9 /* LaunchScreen.storyboard */; };
		B75759741FAFE81D006845E9 /* FirePageTests.swift in Sources */ = {isa = PBXBuildFile; fileRef = B75759731FAFE81D006845E9 /* FirePageTests.swift */; };
		B757597F1FAFE81D006845E9 /* FirePageUITests.swift in Sources */ = {isa = PBXBuildFile; fileRef = B757597E1FAFE81D006845E9 /* FirePageUITests.swift */; };
		B757598D1FB22C28006845E9 /* AccountViewController.swift in Sources */ = {isa = PBXBuildFile; fileRef = B757598C1FB22C28006845E9 /* AccountViewController.swift */; };
		B75759901FB22DF0006845E9 /* CustomTextField.swift in Sources */ = {isa = PBXBuildFile; fileRef = B757598F1FB22DF0006845E9 /* CustomTextField.swift */; };
		B75759971FB230CD006845E9 /* DataModel.swift in Sources */ = {isa = PBXBuildFile; fileRef = B75759961FB230CD006845E9 /* DataModel.swift */; };
		B77CCCBE1FB916A200ECAD81 /* HelpLineViewController.swift in Sources */ = {isa = PBXBuildFile; fileRef = B77CCCBD1FB916A200ECAD81 /* HelpLineViewController.swift */; };
		B77CCCC01FB93F2600ECAD81 /* CustomRadioButton.swift in Sources */ = {isa = PBXBuildFile; fileRef = B77CCCBF1FB93F2600ECAD81 /* CustomRadioButton.swift */; };
		B77CCCC21FB9414400ECAD81 /* RadioButtonController.swift in Sources */ = {isa = PBXBuildFile; fileRef = B77CCCC11FB9414400ECAD81 /* RadioButtonController.swift */; };
		BB344B471FCA76D200BD890B /* GoogleService-Info.plist in Resources */ = {isa = PBXBuildFile; fileRef = BB344B461FCA76D200BD890B /* GoogleService-Info.plist */; };
		BB344B4C1FCFA8E200BD890B /* myTabBar.swift in Sources */ = {isa = PBXBuildFile; fileRef = BB344B4B1FCFA8E200BD890B /* myTabBar.swift */; };
		BB344B4D1FCFAFB700BD890B /* HelpLine.storyboard in Resources */ = {isa = PBXBuildFile; fileRef = BB344B4F1FCFAFB700BD890B /* HelpLine.storyboard */; };
		BB395BE41FD5174D00456FCF /* SessionInfo.swift in Sources */ = {isa = PBXBuildFile; fileRef = BB395BE31FD5174D00456FCF /* SessionInfo.swift */; };
		BB3AE4711FC61A8400A0470A /* Utilities.swift in Sources */ = {isa = PBXBuildFile; fileRef = BB3AE4701FC61A8400A0470A /* Utilities.swift */; };
		BB3AE4731FC7926B00A0470A /* DB.swift in Sources */ = {isa = PBXBuildFile; fileRef = BB3AE4721FC7926B00A0470A /* DB.swift */; };
		E1658EF91FC27B2200DCAFD8 /* Calendar.storyboard in Resources */ = {isa = PBXBuildFile; fileRef = E1658EF81FC27B2200DCAFD8 /* Calendar.storyboard */; };
		E1658EFA1FC27B2200DCAFD8 /* Calendar.storyboard in Resources */ = {isa = PBXBuildFile; fileRef = E1658EF81FC27B2200DCAFD8 /* Calendar.storyboard */; };
		E1658EFB1FC27B2200DCAFD8 /* Calendar.storyboard in Resources */ = {isa = PBXBuildFile; fileRef = E1658EF81FC27B2200DCAFD8 /* Calendar.storyboard */; };
		E1658F091FC3F9E500DCAFD8 /* CalendarTableViewCell.swift in Sources */ = {isa = PBXBuildFile; fileRef = E1658F081FC3F9E500DCAFD8 /* CalendarTableViewCell.swift */; };
		E1658F0A1FC3F9E500DCAFD8 /* CalendarTableViewCell.swift in Sources */ = {isa = PBXBuildFile; fileRef = E1658F081FC3F9E500DCAFD8 /* CalendarTableViewCell.swift */; };
		E1658F0B1FC3F9E500DCAFD8 /* CalendarTableViewCell.swift in Sources */ = {isa = PBXBuildFile; fileRef = E1658F081FC3F9E500DCAFD8 /* CalendarTableViewCell.swift */; };
		E1658F0D1FC4B81200DCAFD8 /* CalendarTableViewShadow.swift in Sources */ = {isa = PBXBuildFile; fileRef = E1658F0C1FC4B81200DCAFD8 /* CalendarTableViewShadow.swift */; };
		E1658F0E1FC4B81200DCAFD8 /* CalendarTableViewShadow.swift in Sources */ = {isa = PBXBuildFile; fileRef = E1658F0C1FC4B81200DCAFD8 /* CalendarTableViewShadow.swift */; };
		E1658F0F1FC4B81200DCAFD8 /* CalendarTableViewShadow.swift in Sources */ = {isa = PBXBuildFile; fileRef = E1658F0C1FC4B81200DCAFD8 /* CalendarTableViewShadow.swift */; };
		E19075171FBA90900038F6E9 /* CalendarExtensions.swift in Sources */ = {isa = PBXBuildFile; fileRef = E19075161FBA90900038F6E9 /* CalendarExtensions.swift */; };
		E19075181FBA90900038F6E9 /* CalendarExtensions.swift in Sources */ = {isa = PBXBuildFile; fileRef = E19075161FBA90900038F6E9 /* CalendarExtensions.swift */; };
		E19075191FBA90900038F6E9 /* CalendarExtensions.swift in Sources */ = {isa = PBXBuildFile; fileRef = E19075161FBA90900038F6E9 /* CalendarExtensions.swift */; };
		E190751C1FBA90D30038F6E9 /* CalendarViewController.swift in Sources */ = {isa = PBXBuildFile; fileRef = E190751A1FBA90D30038F6E9 /* CalendarViewController.swift */; };
		E190751D1FBA90D30038F6E9 /* CalendarViewController.swift in Sources */ = {isa = PBXBuildFile; fileRef = E190751A1FBA90D30038F6E9 /* CalendarViewController.swift */; };
		E190751E1FBA90D30038F6E9 /* CalendarViewController.swift in Sources */ = {isa = PBXBuildFile; fileRef = E190751A1FBA90D30038F6E9 /* CalendarViewController.swift */; };
		E19075281FBA977A0038F6E9 /* CalendarCell.swift in Sources */ = {isa = PBXBuildFile; fileRef = E19075261FBA97790038F6E9 /* CalendarCell.swift */; };
		E19075291FBA977A0038F6E9 /* CalendarCell.swift in Sources */ = {isa = PBXBuildFile; fileRef = E19075261FBA97790038F6E9 /* CalendarCell.swift */; };
		E190752A1FBA977A0038F6E9 /* CalendarCell.swift in Sources */ = {isa = PBXBuildFile; fileRef = E19075261FBA97790038F6E9 /* CalendarCell.swift */; };
		E228CA131FD4F07100767C94 /* ChatViewController.swift in Sources */ = {isa = PBXBuildFile; fileRef = E228CA121FD4F07100767C94 /* ChatViewController.swift */; };
		E228CA151FD502C000767C94 /* Messaging.storyboard in Resources */ = {isa = PBXBuildFile; fileRef = E228CA141FD502C000767C94 /* Messaging.storyboard */; };
		E29D0A0A1FCEA81000E67B04 /* HelpRequestCell.swift in Sources */ = {isa = PBXBuildFile; fileRef = E29D0A061FCEA81000E67B04 /* HelpRequestCell.swift */; };
		E29D0A0B1FCEA81000E67B04 /* HelpRequestsTableViewController.swift in Sources */ = {isa = PBXBuildFile; fileRef = E29D0A071FCEA81000E67B04 /* HelpRequestsTableViewController.swift */; };
		E29D0A0C1FCEA81000E67B04 /* Info.plist in Resources */ = {isa = PBXBuildFile; fileRef = E29D0A081FCEA81000E67B04 /* Info.plist */; };
		E29D0A0D1FCEA81000E67B04 /* HelpRequests.storyboard in Resources */ = {isa = PBXBuildFile; fileRef = E29D0A091FCEA81000E67B04 /* HelpRequests.storyboard */; };
		E29D0A161FD073E700E67B04 /* DateDisplayCell.xib in Resources */ = {isa = PBXBuildFile; fileRef = E29D0A141FD073E700E67B04 /* DateDisplayCell.xib */; };
		E29D0A171FD073E700E67B04 /* DateDisplayCell.swift in Sources */ = {isa = PBXBuildFile; fileRef = E29D0A151FD073E700E67B04 /* DateDisplayCell.swift */; };
/* End PBXBuildFile section */

/* Begin PBXContainerItemProxy section */
		B75759701FAFE81D006845E9 /* PBXContainerItemProxy */ = {
			isa = PBXContainerItemProxy;
			containerPortal = B75759531FAFE81D006845E9 /* Project object */;
			proxyType = 1;
			remoteGlobalIDString = B757595A1FAFE81D006845E9;
			remoteInfo = FirePage;
		};
		B757597B1FAFE81D006845E9 /* PBXContainerItemProxy */ = {
			isa = PBXContainerItemProxy;
			containerPortal = B75759531FAFE81D006845E9 /* Project object */;
			proxyType = 1;
			remoteGlobalIDString = B757595A1FAFE81D006845E9;
			remoteInfo = FirePage;
		};
/* End PBXContainerItemProxy section */

/* Begin PBXFileReference section */
		2B9F824EE1739DDE026B9E3A /* Pods_FirePageUITests.framework */ = {isa = PBXFileReference; explicitFileType = wrapper.framework; includeInIndex = 0; path = Pods_FirePageUITests.framework; sourceTree = BUILT_PRODUCTS_DIR; };
		2C4D282A2A173C736F5567A0 /* Pods-FirePageTests.debug.xcconfig */ = {isa = PBXFileReference; includeInIndex = 1; lastKnownFileType = text.xcconfig; name = "Pods-FirePageTests.debug.xcconfig"; path = "Pods/Target Support Files/Pods-FirePageTests/Pods-FirePageTests.debug.xcconfig"; sourceTree = "<group>"; };
		45AC851D9D3BD85232ABE751 /* Pods-FirePageUITests.release.xcconfig */ = {isa = PBXFileReference; includeInIndex = 1; lastKnownFileType = text.xcconfig; name = "Pods-FirePageUITests.release.xcconfig"; path = "Pods/Target Support Files/Pods-FirePageUITests/Pods-FirePageUITests.release.xcconfig"; sourceTree = "<group>"; };
		6C4EF73F926B5AE8FE235327 /* Pods-FirePage.debug.xcconfig */ = {isa = PBXFileReference; includeInIndex = 1; lastKnownFileType = text.xcconfig; name = "Pods-FirePage.debug.xcconfig"; path = "Pods/Target Support Files/Pods-FirePage/Pods-FirePage.debug.xcconfig"; sourceTree = "<group>"; };
		8A2D703D5FEBDD56C4BCEDEE /* Pods_FirePage.framework */ = {isa = PBXFileReference; explicitFileType = wrapper.framework; includeInIndex = 0; path = Pods_FirePage.framework; sourceTree = BUILT_PRODUCTS_DIR; };
		9DA8349D411B12345576663A /* Pods_FirePageTests.framework */ = {isa = PBXFileReference; explicitFileType = wrapper.framework; includeInIndex = 0; path = Pods_FirePageTests.framework; sourceTree = BUILT_PRODUCTS_DIR; };
		AB54A5AE134096A053D4FAD3 /* Pods-FirePage.release.xcconfig */ = {isa = PBXFileReference; includeInIndex = 1; lastKnownFileType = text.xcconfig; name = "Pods-FirePage.release.xcconfig"; path = "Pods/Target Support Files/Pods-FirePage/Pods-FirePage.release.xcconfig"; sourceTree = "<group>"; };
		B7058C5D1FCFA10400D2368B /* LoginViewController.swift */ = {isa = PBXFileReference; lastKnownFileType = sourcecode.swift; path = LoginViewController.swift; sourceTree = "<group>"; };
		B7058C5F1FCFA15000D2368B /* AccountController.swift */ = {isa = PBXFileReference; lastKnownFileType = sourcecode.swift; path = AccountController.swift; sourceTree = "<group>"; };
		B7058C611FCFA19D00D2368B /* LeftFireField.swift */ = {isa = PBXFileReference; lastKnownFileType = sourcecode.swift; path = LeftFireField.swift; sourceTree = "<group>"; };
		B7058C631FCFA28B00D2368B /* FireButton.swift */ = {isa = PBXFileReference; lastKnownFileType = sourcecode.swift; path = FireButton.swift; sourceTree = "<group>"; };
		B7194FED1FB36346000A954E /* CustomLabel.swift */ = {isa = PBXFileReference; lastKnownFileType = sourcecode.swift; path = CustomLabel.swift; sourceTree = "<group>"; };
		B7194FF21FB3658C000A954E /* UIViewControllerExtension.swift */ = {isa = PBXFileReference; lastKnownFileType = sourcecode.swift; path = UIViewControllerExtension.swift; sourceTree = "<group>"; };
		B7194FF41FB38146000A954E /* CustomButton.swift */ = {isa = PBXFileReference; lastKnownFileType = sourcecode.swift; path = CustomButton.swift; sourceTree = "<group>"; };
		B73083921FCCE83D000AD305 /* GradientView.swift */ = {isa = PBXFileReference; fileEncoding = 4; lastKnownFileType = sourcecode.swift; path = GradientView.swift; sourceTree = "<group>"; };
		B73083931FCCE83D000AD305 /* FIreTextField.swift */ = {isa = PBXFileReference; fileEncoding = 4; lastKnownFileType = sourcecode.swift; path = FIreTextField.swift; sourceTree = "<group>"; };
		B73083B01FCCE8F4000AD305 /* UITextFieldExtensions.swift */ = {isa = PBXFileReference; fileEncoding = 4; lastKnownFileType = sourcecode.swift; path = UITextFieldExtensions.swift; sourceTree = "<group>"; };
		B73083B31FCCE969000AD305 /* DormCollectionViewCell.swift */ = {isa = PBXFileReference; fileEncoding = 4; lastKnownFileType = sourcecode.swift; path = DormCollectionViewCell.swift; sourceTree = "<group>"; };
		B73083B41FCCE969000AD305 /* HelplineViewController.swift */ = {isa = PBXFileReference; fileEncoding = 4; lastKnownFileType = sourcecode.swift; path = HelplineViewController.swift; sourceTree = "<group>"; };
		B757595B1FAFE81D006845E9 /* FirePage.app */ = {isa = PBXFileReference; explicitFileType = wrapper.application; includeInIndex = 0; path = FirePage.app; sourceTree = BUILT_PRODUCTS_DIR; };
		B757595E1FAFE81D006845E9 /* AppDelegate.swift */ = {isa = PBXFileReference; lastKnownFileType = sourcecode.swift; path = AppDelegate.swift; sourceTree = "<group>"; };
		B75759601FAFE81D006845E9 /* ViewController.swift */ = {isa = PBXFileReference; lastKnownFileType = sourcecode.swift; path = ViewController.swift; sourceTree = "<group>"; };
		B75759631FAFE81D006845E9 /* Base */ = {isa = PBXFileReference; lastKnownFileType = file.storyboard; name = Base; path = Base.lproj/Main.storyboard; sourceTree = "<group>"; };
		B75759651FAFE81D006845E9 /* Assets.xcassets */ = {isa = PBXFileReference; lastKnownFileType = folder.assetcatalog; path = Assets.xcassets; sourceTree = "<group>"; };
		B75759681FAFE81D006845E9 /* Base */ = {isa = PBXFileReference; lastKnownFileType = file.storyboard; name = Base; path = Base.lproj/LaunchScreen.storyboard; sourceTree = "<group>"; };
		B757596A1FAFE81D006845E9 /* Info.plist */ = {isa = PBXFileReference; lastKnownFileType = text.plist.xml; path = Info.plist; sourceTree = "<group>"; };
		B757596F1FAFE81D006845E9 /* FirePageTests.xctest */ = {isa = PBXFileReference; explicitFileType = wrapper.cfbundle; includeInIndex = 0; path = FirePageTests.xctest; sourceTree = BUILT_PRODUCTS_DIR; };
		B75759731FAFE81D006845E9 /* FirePageTests.swift */ = {isa = PBXFileReference; lastKnownFileType = sourcecode.swift; path = FirePageTests.swift; sourceTree = "<group>"; };
		B75759751FAFE81D006845E9 /* Info.plist */ = {isa = PBXFileReference; lastKnownFileType = text.plist.xml; path = Info.plist; sourceTree = "<group>"; };
		B757597A1FAFE81D006845E9 /* FirePageUITests.xctest */ = {isa = PBXFileReference; explicitFileType = wrapper.cfbundle; includeInIndex = 0; path = FirePageUITests.xctest; sourceTree = BUILT_PRODUCTS_DIR; };
		B757597E1FAFE81D006845E9 /* FirePageUITests.swift */ = {isa = PBXFileReference; lastKnownFileType = sourcecode.swift; path = FirePageUITests.swift; sourceTree = "<group>"; };
		B75759801FAFE81D006845E9 /* Info.plist */ = {isa = PBXFileReference; lastKnownFileType = text.plist.xml; path = Info.plist; sourceTree = "<group>"; };
		B757598C1FB22C28006845E9 /* AccountViewController.swift */ = {isa = PBXFileReference; lastKnownFileType = sourcecode.swift; path = AccountViewController.swift; sourceTree = "<group>"; };
		B757598F1FB22DF0006845E9 /* CustomTextField.swift */ = {isa = PBXFileReference; lastKnownFileType = sourcecode.swift; path = CustomTextField.swift; sourceTree = "<group>"; };
		B75759961FB230CD006845E9 /* DataModel.swift */ = {isa = PBXFileReference; lastKnownFileType = sourcecode.swift; path = DataModel.swift; sourceTree = "<group>"; };
		B77CCCBD1FB916A200ECAD81 /* HelpLineViewController.swift */ = {isa = PBXFileReference; lastKnownFileType = sourcecode.swift; path = HelpLineViewController.swift; sourceTree = "<group>"; };
		B77CCCBF1FB93F2600ECAD81 /* CustomRadioButton.swift */ = {isa = PBXFileReference; lastKnownFileType = sourcecode.swift; path = CustomRadioButton.swift; sourceTree = "<group>"; };
		B77CCCC11FB9414400ECAD81 /* RadioButtonController.swift */ = {isa = PBXFileReference; lastKnownFileType = sourcecode.swift; path = RadioButtonController.swift; sourceTree = "<group>"; };
		BB344B461FCA76D200BD890B /* GoogleService-Info.plist */ = {isa = PBXFileReference; fileEncoding = 4; lastKnownFileType = text.plist.xml; path = "GoogleService-Info.plist"; sourceTree = "<group>"; };
		BB344B4B1FCFA8E200BD890B /* myTabBar.swift */ = {isa = PBXFileReference; lastKnownFileType = sourcecode.swift; path = myTabBar.swift; sourceTree = "<group>"; };
		BB344B4E1FCFAFB700BD890B /* Base */ = {isa = PBXFileReference; lastKnownFileType = file.storyboard; name = Base; path = Base.lproj/HelpLine.storyboard; sourceTree = "<group>"; };
		BB395BE31FD5174D00456FCF /* SessionInfo.swift */ = {isa = PBXFileReference; lastKnownFileType = sourcecode.swift; path = SessionInfo.swift; sourceTree = "<group>"; };
		BB3AE46F1FC619A100A0470A /* BridgingHeader.h */ = {isa = PBXFileReference; lastKnownFileType = sourcecode.c.h; path = BridgingHeader.h; sourceTree = "<group>"; };
		BB3AE4701FC61A8400A0470A /* Utilities.swift */ = {isa = PBXFileReference; lastKnownFileType = sourcecode.swift; path = Utilities.swift; sourceTree = "<group>"; };
		BB3AE4721FC7926B00A0470A /* DB.swift */ = {isa = PBXFileReference; lastKnownFileType = sourcecode.swift; path = DB.swift; sourceTree = "<group>"; };
		D2117D8DE3849B4FE649D3B7 /* Pods-FirePageTests.release.xcconfig */ = {isa = PBXFileReference; includeInIndex = 1; lastKnownFileType = text.xcconfig; name = "Pods-FirePageTests.release.xcconfig"; path = "Pods/Target Support Files/Pods-FirePageTests/Pods-FirePageTests.release.xcconfig"; sourceTree = "<group>"; };
		E1658EF81FC27B2200DCAFD8 /* Calendar.storyboard */ = {isa = PBXFileReference; lastKnownFileType = file.storyboard; path = Calendar.storyboard; sourceTree = "<group>"; };
		E1658F081FC3F9E500DCAFD8 /* CalendarTableViewCell.swift */ = {isa = PBXFileReference; lastKnownFileType = sourcecode.swift; path = CalendarTableViewCell.swift; sourceTree = "<group>"; };
		E1658F0C1FC4B81200DCAFD8 /* CalendarTableViewShadow.swift */ = {isa = PBXFileReference; lastKnownFileType = sourcecode.swift; path = CalendarTableViewShadow.swift; sourceTree = "<group>"; };
		E19075161FBA90900038F6E9 /* CalendarExtensions.swift */ = {isa = PBXFileReference; lastKnownFileType = sourcecode.swift; path = CalendarExtensions.swift; sourceTree = "<group>"; };
		E190751A1FBA90D30038F6E9 /* CalendarViewController.swift */ = {isa = PBXFileReference; lastKnownFileType = sourcecode.swift; path = CalendarViewController.swift; sourceTree = "<group>"; };
		E19075261FBA97790038F6E9 /* CalendarCell.swift */ = {isa = PBXFileReference; lastKnownFileType = sourcecode.swift; path = CalendarCell.swift; sourceTree = "<group>"; };
		E228CA121FD4F07100767C94 /* ChatViewController.swift */ = {isa = PBXFileReference; lastKnownFileType = sourcecode.swift; path = ChatViewController.swift; sourceTree = "<group>"; };
		E228CA141FD502C000767C94 /* Messaging.storyboard */ = {isa = PBXFileReference; lastKnownFileType = file.storyboard; path = Messaging.storyboard; sourceTree = "<group>"; };
		E29D0A061FCEA81000E67B04 /* HelpRequestCell.swift */ = {isa = PBXFileReference; fileEncoding = 4; lastKnownFileType = sourcecode.swift; path = HelpRequestCell.swift; sourceTree = "<group>"; };
		E29D0A071FCEA81000E67B04 /* HelpRequestsTableViewController.swift */ = {isa = PBXFileReference; fileEncoding = 4; lastKnownFileType = sourcecode.swift; path = HelpRequestsTableViewController.swift; sourceTree = "<group>"; };
		E29D0A081FCEA81000E67B04 /* Info.plist */ = {isa = PBXFileReference; fileEncoding = 4; lastKnownFileType = text.plist.xml; path = Info.plist; sourceTree = "<group>"; };
		E29D0A091FCEA81000E67B04 /* HelpRequests.storyboard */ = {isa = PBXFileReference; fileEncoding = 4; lastKnownFileType = file.storyboard; path = HelpRequests.storyboard; sourceTree = "<group>"; };
		E29D0A141FD073E700E67B04 /* DateDisplayCell.xib */ = {isa = PBXFileReference; fileEncoding = 4; lastKnownFileType = file.xib; path = DateDisplayCell.xib; sourceTree = "<group>"; };
		E29D0A151FD073E700E67B04 /* DateDisplayCell.swift */ = {isa = PBXFileReference; fileEncoding = 4; lastKnownFileType = sourcecode.swift; path = DateDisplayCell.swift; sourceTree = "<group>"; };
		F3620387EED78349E70D83C9 /* Pods-FirePageUITests.debug.xcconfig */ = {isa = PBXFileReference; includeInIndex = 1; lastKnownFileType = text.xcconfig; name = "Pods-FirePageUITests.debug.xcconfig"; path = "Pods/Target Support Files/Pods-FirePageUITests/Pods-FirePageUITests.debug.xcconfig"; sourceTree = "<group>"; };
/* End PBXFileReference section */

/* Begin PBXFrameworksBuildPhase section */
		B75759581FAFE81D006845E9 /* Frameworks */ = {
			isa = PBXFrameworksBuildPhase;
			buildActionMask = 2147483647;
			files = (
				2A55B3EC15813C815ADF9C90 /* Pods_FirePage.framework in Frameworks */,
			);
			runOnlyForDeploymentPostprocessing = 0;
		};
		B757596C1FAFE81D006845E9 /* Frameworks */ = {
			isa = PBXFrameworksBuildPhase;
			buildActionMask = 2147483647;
			files = (
				8CF9F198A1F02EFFFAC76B6D /* Pods_FirePageTests.framework in Frameworks */,
			);
			runOnlyForDeploymentPostprocessing = 0;
		};
		B75759771FAFE81D006845E9 /* Frameworks */ = {
			isa = PBXFrameworksBuildPhase;
			buildActionMask = 2147483647;
			files = (
				9152CDF08F8E58F300BBBE2B /* Pods_FirePageUITests.framework in Frameworks */,
			);
			runOnlyForDeploymentPostprocessing = 0;
		};
/* End PBXFrameworksBuildPhase section */

/* Begin PBXGroup section */
		97D243CBB91F9BA6CBCF4FE6 /* Frameworks */ = {
			isa = PBXGroup;
			children = (
				8A2D703D5FEBDD56C4BCEDEE /* Pods_FirePage.framework */,
				9DA8349D411B12345576663A /* Pods_FirePageTests.framework */,
				2B9F824EE1739DDE026B9E3A /* Pods_FirePageUITests.framework */,
			);
			name = Frameworks;
			sourceTree = "<group>";
		};
		9AC3934911E725A13B9E8407 /* Pods */ = {
			isa = PBXGroup;
			children = (
				6C4EF73F926B5AE8FE235327 /* Pods-FirePage.debug.xcconfig */,
				AB54A5AE134096A053D4FAD3 /* Pods-FirePage.release.xcconfig */,
				2C4D282A2A173C736F5567A0 /* Pods-FirePageTests.debug.xcconfig */,
				D2117D8DE3849B4FE649D3B7 /* Pods-FirePageTests.release.xcconfig */,
				F3620387EED78349E70D83C9 /* Pods-FirePageUITests.debug.xcconfig */,
				45AC851D9D3BD85232ABE751 /* Pods-FirePageUITests.release.xcconfig */,
			);
			name = Pods;
			sourceTree = "<group>";
		};
		B7194FF11FB36567000A954E /* Extensions */ = {
			isa = PBXGroup;
			children = (
				B73083B01FCCE8F4000AD305 /* UITextFieldExtensions.swift */,
				B7194FF21FB3658C000A954E /* UIViewControllerExtension.swift */,
			);
			path = Extensions;
			sourceTree = "<group>";
		};
		B73083B21FCCE931000AD305 /* HelpLine */ = {
			isa = PBXGroup;
			children = (
				B73083B31FCCE969000AD305 /* DormCollectionViewCell.swift */,
				B73083B41FCCE969000AD305 /* HelplineViewController.swift */,
				BB344B4F1FCFAFB700BD890B /* HelpLine.storyboard */,
			);
			path = HelpLine;
			sourceTree = "<group>";
		};
		B75759521FAFE81D006845E9 = {
			isa = PBXGroup;
			children = (
				BB344B461FCA76D200BD890B /* GoogleService-Info.plist */,
				B757595D1FAFE81D006845E9 /* FirePage */,
				B75759721FAFE81D006845E9 /* FirePageTests */,
				B757597D1FAFE81D006845E9 /* FirePageUITests */,
				B757595C1FAFE81D006845E9 /* Products */,
				9AC3934911E725A13B9E8407 /* Pods */,
				97D243CBB91F9BA6CBCF4FE6 /* Frameworks */,
			);
			sourceTree = "<group>";
		};
		B757595C1FAFE81D006845E9 /* Products */ = {
			isa = PBXGroup;
			children = (
				B757595B1FAFE81D006845E9 /* FirePage.app */,
				B757596F1FAFE81D006845E9 /* FirePageTests.xctest */,
				B757597A1FAFE81D006845E9 /* FirePageUITests.xctest */,
			);
			name = Products;
			sourceTree = "<group>";
		};
		B757595D1FAFE81D006845E9 /* FirePage */ = {
			isa = PBXGroup;
			children = (
				E2928D541FD4EFA000500626 /* Messaging */,
				E29D0A051FCEA81000E67B04 /* HelpRequests */,
				B73083B21FCCE931000AD305 /* HelpLine */,
				E19075151FBA90770038F6E9 /* Calendar */,
				B7194FF11FB36567000A954E /* Extensions */,
				B75759981FB23FC6006845E9 /* Views */,
				B75759911FB22F64006845E9 /* Data */,
				B757598E1FB22D72006845E9 /* CustomUIObjects */,
				B757595E1FAFE81D006845E9 /* AppDelegate.swift */,
				B75759621FAFE81D006845E9 /* Main.storyboard */,
				B75759651FAFE81D006845E9 /* Assets.xcassets */,
				B75759671FAFE81D006845E9 /* LaunchScreen.storyboard */,
				B757596A1FAFE81D006845E9 /* Info.plist */,
				BB3AE46F1FC619A100A0470A /* BridgingHeader.h */,
				BB344B4B1FCFA8E200BD890B /* myTabBar.swift */,
			);
			path = FirePage;
			sourceTree = "<group>";
		};
		B75759721FAFE81D006845E9 /* FirePageTests */ = {
			isa = PBXGroup;
			children = (
				B75759731FAFE81D006845E9 /* FirePageTests.swift */,
				B75759751FAFE81D006845E9 /* Info.plist */,
			);
			path = FirePageTests;
			sourceTree = "<group>";
		};
		B757597D1FAFE81D006845E9 /* FirePageUITests */ = {
			isa = PBXGroup;
			children = (
				B757597E1FAFE81D006845E9 /* FirePageUITests.swift */,
				B75759801FAFE81D006845E9 /* Info.plist */,
			);
			path = FirePageUITests;
			sourceTree = "<group>";
		};
		B757598E1FB22D72006845E9 /* CustomUIObjects */ = {
			isa = PBXGroup;
			children = (
				B73083931FCCE83D000AD305 /* FIreTextField.swift */,
				B73083921FCCE83D000AD305 /* GradientView.swift */,
				B757598F1FB22DF0006845E9 /* CustomTextField.swift */,
				B7194FED1FB36346000A954E /* CustomLabel.swift */,
				B7194FF41FB38146000A954E /* CustomButton.swift */,
				B77CCCBF1FB93F2600ECAD81 /* CustomRadioButton.swift */,
				B77CCCC11FB9414400ECAD81 /* RadioButtonController.swift */,
				B7058C611FCFA19D00D2368B /* LeftFireField.swift */,
				B7058C631FCFA28B00D2368B /* FireButton.swift */,
			);
			path = CustomUIObjects;
			sourceTree = "<group>";
		};
		B75759911FB22F64006845E9 /* Data */ = {
			isa = PBXGroup;
			children = (
				B75759961FB230CD006845E9 /* DataModel.swift */,
				BB3AE4701FC61A8400A0470A /* Utilities.swift */,
				BB3AE4721FC7926B00A0470A /* DB.swift */,
				BB395BE31FD5174D00456FCF /* SessionInfo.swift */,
			);
			path = Data;
			sourceTree = "<group>";
		};
		B75759981FB23FC6006845E9 /* Views */ = {
			isa = PBXGroup;
			children = (
				B75759601FAFE81D006845E9 /* ViewController.swift */,
				B757598C1FB22C28006845E9 /* AccountViewController.swift */,
				B77CCCBD1FB916A200ECAD81 /* HelpLineViewController.swift */,
				B7058C5D1FCFA10400D2368B /* LoginViewController.swift */,
				B7058C5F1FCFA15000D2368B /* AccountController.swift */,
			);
			path = Views;
			sourceTree = "<group>";
		};
		E19075151FBA90770038F6E9 /* Calendar */ = {
			isa = PBXGroup;
			children = (
				E190751A1FBA90D30038F6E9 /* CalendarViewController.swift */,
				E1658F0C1FC4B81200DCAFD8 /* CalendarTableViewShadow.swift */,
				E1658EF81FC27B2200DCAFD8 /* Calendar.storyboard */,
				E19075261FBA97790038F6E9 /* CalendarCell.swift */,
				E19075161FBA90900038F6E9 /* CalendarExtensions.swift */,
				E1658F081FC3F9E500DCAFD8 /* CalendarTableViewCell.swift */,
			);
			path = Calendar;
			sourceTree = "<group>";
		};
		E2928D541FD4EFA000500626 /* Messaging */ = {
			isa = PBXGroup;
			children = (
				E228CA121FD4F07100767C94 /* ChatViewController.swift */,
				E228CA141FD502C000767C94 /* Messaging.storyboard */,
			);
			path = Messaging;
			sourceTree = "<group>";
		};
		E29D0A051FCEA81000E67B04 /* HelpRequests */ = {
			isa = PBXGroup;
			children = (
				E29D0A151FD073E700E67B04 /* DateDisplayCell.swift */,
				E29D0A141FD073E700E67B04 /* DateDisplayCell.xib */,
				E29D0A061FCEA81000E67B04 /* HelpRequestCell.swift */,
				E29D0A071FCEA81000E67B04 /* HelpRequestsTableViewController.swift */,
				E29D0A081FCEA81000E67B04 /* Info.plist */,
				E29D0A091FCEA81000E67B04 /* HelpRequests.storyboard */,
			);
			path = HelpRequests;
			sourceTree = "<group>";
		};
/* End PBXGroup section */

/* Begin PBXNativeTarget section */
		B757595A1FAFE81D006845E9 /* FirePage */ = {
			isa = PBXNativeTarget;
			buildConfigurationList = B75759831FAFE81D006845E9 /* Build configuration list for PBXNativeTarget "FirePage" */;
			buildPhases = (
				82BCBFD87187B8163A9B8B71 /* [CP] Check Pods Manifest.lock */,
				B75759571FAFE81D006845E9 /* Sources */,
				B75759581FAFE81D006845E9 /* Frameworks */,
				B75759591FAFE81D006845E9 /* Resources */,
				13F64A4C6E705D952C6578ED /* [CP] Embed Pods Frameworks */,
				5684A132B2EABCCCB8346F54 /* [CP] Copy Pods Resources */,
			);
			buildRules = (
			);
			dependencies = (
			);
			name = FirePage;
			productName = FirePage;
			productReference = B757595B1FAFE81D006845E9 /* FirePage.app */;
			productType = "com.apple.product-type.application";
		};
		B757596E1FAFE81D006845E9 /* FirePageTests */ = {
			isa = PBXNativeTarget;
			buildConfigurationList = B75759861FAFE81D006845E9 /* Build configuration list for PBXNativeTarget "FirePageTests" */;
			buildPhases = (
				6EF03373ACAC50B7816502F5 /* [CP] Check Pods Manifest.lock */,
				B757596B1FAFE81D006845E9 /* Sources */,
				B757596C1FAFE81D006845E9 /* Frameworks */,
				B757596D1FAFE81D006845E9 /* Resources */,
				1A04157169C3B987AD7D8816 /* [CP] Embed Pods Frameworks */,
				E172DE681E92CB0DC6D8CF36 /* [CP] Copy Pods Resources */,
			);
			buildRules = (
			);
			dependencies = (
				B75759711FAFE81D006845E9 /* PBXTargetDependency */,
			);
			name = FirePageTests;
			productName = FirePageTests;
			productReference = B757596F1FAFE81D006845E9 /* FirePageTests.xctest */;
			productType = "com.apple.product-type.bundle.unit-test";
		};
		B75759791FAFE81D006845E9 /* FirePageUITests */ = {
			isa = PBXNativeTarget;
			buildConfigurationList = B75759891FAFE81D006845E9 /* Build configuration list for PBXNativeTarget "FirePageUITests" */;
			buildPhases = (
				2E77A84AEEAE764B2C8B8FEC /* [CP] Check Pods Manifest.lock */,
				B75759761FAFE81D006845E9 /* Sources */,
				B75759771FAFE81D006845E9 /* Frameworks */,
				B75759781FAFE81D006845E9 /* Resources */,
				D06C81C42C40E939190F4745 /* [CP] Embed Pods Frameworks */,
				93676A0FEE6440174FDA8C7B /* [CP] Copy Pods Resources */,
			);
			buildRules = (
			);
			dependencies = (
				B757597C1FAFE81D006845E9 /* PBXTargetDependency */,
			);
			name = FirePageUITests;
			productName = FirePageUITests;
			productReference = B757597A1FAFE81D006845E9 /* FirePageUITests.xctest */;
			productType = "com.apple.product-type.bundle.ui-testing";
		};
/* End PBXNativeTarget section */

/* Begin PBXProject section */
		B75759531FAFE81D006845E9 /* Project object */ = {
			isa = PBXProject;
			attributes = {
				LastSwiftUpdateCheck = 0900;
				LastUpgradeCheck = 0900;
				ORGANIZATIONNAME = "Theodore Franceschi";
				TargetAttributes = {
					B757595A1FAFE81D006845E9 = {
						CreatedOnToolsVersion = 9.0.1;
						ProvisioningStyle = Automatic;
					};
					B757596E1FAFE81D006845E9 = {
						CreatedOnToolsVersion = 9.0.1;
						ProvisioningStyle = Automatic;
						TestTargetID = B757595A1FAFE81D006845E9;
					};
					B75759791FAFE81D006845E9 = {
						CreatedOnToolsVersion = 9.0.1;
						ProvisioningStyle = Automatic;
						TestTargetID = B757595A1FAFE81D006845E9;
					};
				};
			};
			buildConfigurationList = B75759561FAFE81D006845E9 /* Build configuration list for PBXProject "FirePage" */;
			compatibilityVersion = "Xcode 8.0";
			developmentRegion = en;
			hasScannedForEncodings = 0;
			knownRegions = (
				en,
				Base,
			);
			mainGroup = B75759521FAFE81D006845E9;
			productRefGroup = B757595C1FAFE81D006845E9 /* Products */;
			projectDirPath = "";
			projectRoot = "";
			targets = (
				B757595A1FAFE81D006845E9 /* FirePage */,
				B757596E1FAFE81D006845E9 /* FirePageTests */,
				B75759791FAFE81D006845E9 /* FirePageUITests */,
			);
		};
/* End PBXProject section */

/* Begin PBXResourcesBuildPhase section */
		B75759591FAFE81D006845E9 /* Resources */ = {
			isa = PBXResourcesBuildPhase;
			buildActionMask = 2147483647;
			files = (
				E228CA151FD502C000767C94 /* Messaging.storyboard in Resources */,
				BB344B4D1FCFAFB700BD890B /* HelpLine.storyboard in Resources */,
				E29D0A161FD073E700E67B04 /* DateDisplayCell.xib in Resources */,
				B75759691FAFE81D006845E9 /* LaunchScreen.storyboard in Resources */,
				B75759661FAFE81D006845E9 /* Assets.xcassets in Resources */,
				E29D0A0D1FCEA81000E67B04 /* HelpRequests.storyboard in Resources */,
				E1658EF91FC27B2200DCAFD8 /* Calendar.storyboard in Resources */,
				B75759641FAFE81D006845E9 /* Main.storyboard in Resources */,
				BB344B471FCA76D200BD890B /* GoogleService-Info.plist in Resources */,
				E29D0A0C1FCEA81000E67B04 /* Info.plist in Resources */,
			);
			runOnlyForDeploymentPostprocessing = 0;
		};
		B757596D1FAFE81D006845E9 /* Resources */ = {
			isa = PBXResourcesBuildPhase;
			buildActionMask = 2147483647;
			files = (
				E1658EFA1FC27B2200DCAFD8 /* Calendar.storyboard in Resources */,
			);
			runOnlyForDeploymentPostprocessing = 0;
		};
		B75759781FAFE81D006845E9 /* Resources */ = {
			isa = PBXResourcesBuildPhase;
			buildActionMask = 2147483647;
			files = (
				E1658EFB1FC27B2200DCAFD8 /* Calendar.storyboard in Resources */,
			);
			runOnlyForDeploymentPostprocessing = 0;
		};
/* End PBXResourcesBuildPhase section */

/* Begin PBXShellScriptBuildPhase section */
		13F64A4C6E705D952C6578ED /* [CP] Embed Pods Frameworks */ = {
			isa = PBXShellScriptBuildPhase;
			buildActionMask = 2147483647;
			files = (
			);
			inputPaths = (
				"${SRCROOT}/Pods/Target Support Files/Pods-FirePage/Pods-FirePage-frameworks.sh",
				"${BUILT_PRODUCTS_DIR}/FoldingCell/FoldingCell.framework",
				"${BUILT_PRODUCTS_DIR}/GTMSessionFetcher/GTMSessionFetcher.framework",
				"${BUILT_PRODUCTS_DIR}/GoogleToolboxForMac/GoogleToolboxForMac.framework",
				"${BUILT_PRODUCTS_DIR}/GrowingTextView/GrowingTextView.framework",
				"${BUILT_PRODUCTS_DIR}/JTAppleCalendar/JTAppleCalendar.framework",
				"${BUILT_PRODUCTS_DIR}/leveldb-library/leveldb.framework",
				"${BUILT_PRODUCTS_DIR}/nanopb/nanopb.framework",
			);
			name = "[CP] Embed Pods Frameworks";
			outputPaths = (
				"${TARGET_BUILD_DIR}/${FRAMEWORKS_FOLDER_PATH}/FoldingCell.framework",
				"${TARGET_BUILD_DIR}/${FRAMEWORKS_FOLDER_PATH}/GTMSessionFetcher.framework",
				"${TARGET_BUILD_DIR}/${FRAMEWORKS_FOLDER_PATH}/GoogleToolboxForMac.framework",
				"${TARGET_BUILD_DIR}/${FRAMEWORKS_FOLDER_PATH}/GrowingTextView.framework",
				"${TARGET_BUILD_DIR}/${FRAMEWORKS_FOLDER_PATH}/JTAppleCalendar.framework",
				"${TARGET_BUILD_DIR}/${FRAMEWORKS_FOLDER_PATH}/leveldb.framework",
				"${TARGET_BUILD_DIR}/${FRAMEWORKS_FOLDER_PATH}/nanopb.framework",
			);
			runOnlyForDeploymentPostprocessing = 0;
			shellPath = /bin/sh;
			shellScript = "\"${SRCROOT}/Pods/Target Support Files/Pods-FirePage/Pods-FirePage-frameworks.sh\"\n";
			showEnvVarsInLog = 0;
		};
		1A04157169C3B987AD7D8816 /* [CP] Embed Pods Frameworks */ = {
			isa = PBXShellScriptBuildPhase;
			buildActionMask = 2147483647;
			files = (
			);
			inputPaths = (
			);
			name = "[CP] Embed Pods Frameworks";
			outputPaths = (
			);
			runOnlyForDeploymentPostprocessing = 0;
			shellPath = /bin/sh;
			shellScript = "\"${SRCROOT}/Pods/Target Support Files/Pods-FirePageTests/Pods-FirePageTests-frameworks.sh\"\n";
			showEnvVarsInLog = 0;
		};
		2E77A84AEEAE764B2C8B8FEC /* [CP] Check Pods Manifest.lock */ = {
			isa = PBXShellScriptBuildPhase;
			buildActionMask = 2147483647;
			files = (
			);
			inputPaths = (
				"${PODS_PODFILE_DIR_PATH}/Podfile.lock",
				"${PODS_ROOT}/Manifest.lock",
			);
			name = "[CP] Check Pods Manifest.lock";
			outputPaths = (
				"$(DERIVED_FILE_DIR)/Pods-FirePageUITests-checkManifestLockResult.txt",
			);
			runOnlyForDeploymentPostprocessing = 0;
			shellPath = /bin/sh;
			shellScript = "diff \"${PODS_PODFILE_DIR_PATH}/Podfile.lock\" \"${PODS_ROOT}/Manifest.lock\" > /dev/null\nif [ $? != 0 ] ; then\n    # print error to STDERR\n    echo \"error: The sandbox is not in sync with the Podfile.lock. Run 'pod install' or update your CocoaPods installation.\" >&2\n    exit 1\nfi\n# This output is used by Xcode 'outputs' to avoid re-running this script phase.\necho \"SUCCESS\" > \"${SCRIPT_OUTPUT_FILE_0}\"\n";
			showEnvVarsInLog = 0;
		};
		5684A132B2EABCCCB8346F54 /* [CP] Copy Pods Resources */ = {
			isa = PBXShellScriptBuildPhase;
			buildActionMask = 2147483647;
			files = (
			);
			inputPaths = (
			);
			name = "[CP] Copy Pods Resources";
			outputPaths = (
			);
			runOnlyForDeploymentPostprocessing = 0;
			shellPath = /bin/sh;
			shellScript = "\"${SRCROOT}/Pods/Target Support Files/Pods-FirePage/Pods-FirePage-resources.sh\"\n";
			showEnvVarsInLog = 0;
		};
		6EF03373ACAC50B7816502F5 /* [CP] Check Pods Manifest.lock */ = {
			isa = PBXShellScriptBuildPhase;
			buildActionMask = 2147483647;
			files = (
			);
			inputPaths = (
				"${PODS_PODFILE_DIR_PATH}/Podfile.lock",
				"${PODS_ROOT}/Manifest.lock",
			);
			name = "[CP] Check Pods Manifest.lock";
			outputPaths = (
				"$(DERIVED_FILE_DIR)/Pods-FirePageTests-checkManifestLockResult.txt",
			);
			runOnlyForDeploymentPostprocessing = 0;
			shellPath = /bin/sh;
			shellScript = "diff \"${PODS_PODFILE_DIR_PATH}/Podfile.lock\" \"${PODS_ROOT}/Manifest.lock\" > /dev/null\nif [ $? != 0 ] ; then\n    # print error to STDERR\n    echo \"error: The sandbox is not in sync with the Podfile.lock. Run 'pod install' or update your CocoaPods installation.\" >&2\n    exit 1\nfi\n# This output is used by Xcode 'outputs' to avoid re-running this script phase.\necho \"SUCCESS\" > \"${SCRIPT_OUTPUT_FILE_0}\"\n";
			showEnvVarsInLog = 0;
		};
		82BCBFD87187B8163A9B8B71 /* [CP] Check Pods Manifest.lock */ = {
			isa = PBXShellScriptBuildPhase;
			buildActionMask = 2147483647;
			files = (
			);
			inputPaths = (
				"${PODS_PODFILE_DIR_PATH}/Podfile.lock",
				"${PODS_ROOT}/Manifest.lock",
			);
			name = "[CP] Check Pods Manifest.lock";
			outputPaths = (
				"$(DERIVED_FILE_DIR)/Pods-FirePage-checkManifestLockResult.txt",
			);
			runOnlyForDeploymentPostprocessing = 0;
			shellPath = /bin/sh;
			shellScript = "diff \"${PODS_PODFILE_DIR_PATH}/Podfile.lock\" \"${PODS_ROOT}/Manifest.lock\" > /dev/null\nif [ $? != 0 ] ; then\n    # print error to STDERR\n    echo \"error: The sandbox is not in sync with the Podfile.lock. Run 'pod install' or update your CocoaPods installation.\" >&2\n    exit 1\nfi\n# This output is used by Xcode 'outputs' to avoid re-running this script phase.\necho \"SUCCESS\" > \"${SCRIPT_OUTPUT_FILE_0}\"\n";
			showEnvVarsInLog = 0;
		};
		93676A0FEE6440174FDA8C7B /* [CP] Copy Pods Resources */ = {
			isa = PBXShellScriptBuildPhase;
			buildActionMask = 2147483647;
			files = (
			);
			inputPaths = (
			);
			name = "[CP] Copy Pods Resources";
			outputPaths = (
			);
			runOnlyForDeploymentPostprocessing = 0;
			shellPath = /bin/sh;
			shellScript = "\"${SRCROOT}/Pods/Target Support Files/Pods-FirePageUITests/Pods-FirePageUITests-resources.sh\"\n";
			showEnvVarsInLog = 0;
		};
		D06C81C42C40E939190F4745 /* [CP] Embed Pods Frameworks */ = {
			isa = PBXShellScriptBuildPhase;
			buildActionMask = 2147483647;
			files = (
			);
			inputPaths = (
			);
			name = "[CP] Embed Pods Frameworks";
			outputPaths = (
			);
			runOnlyForDeploymentPostprocessing = 0;
			shellPath = /bin/sh;
			shellScript = "\"${SRCROOT}/Pods/Target Support Files/Pods-FirePageUITests/Pods-FirePageUITests-frameworks.sh\"\n";
			showEnvVarsInLog = 0;
		};
		E172DE681E92CB0DC6D8CF36 /* [CP] Copy Pods Resources */ = {
			isa = PBXShellScriptBuildPhase;
			buildActionMask = 2147483647;
			files = (
			);
			inputPaths = (
			);
			name = "[CP] Copy Pods Resources";
			outputPaths = (
			);
			runOnlyForDeploymentPostprocessing = 0;
			shellPath = /bin/sh;
			shellScript = "\"${SRCROOT}/Pods/Target Support Files/Pods-FirePageTests/Pods-FirePageTests-resources.sh\"\n";
			showEnvVarsInLog = 0;
		};
/* End PBXShellScriptBuildPhase section */

/* Begin PBXSourcesBuildPhase section */
		B75759571FAFE81D006845E9 /* Sources */ = {
			isa = PBXSourcesBuildPhase;
			buildActionMask = 2147483647;
			files = (
				B7058C5E1FCFA10400D2368B /* LoginViewController.swift in Sources */,
				B73083941FCCE83D000AD305 /* GradientView.swift in Sources */,
				E19075171FBA90900038F6E9 /* CalendarExtensions.swift in Sources */,
				E19075281FBA977A0038F6E9 /* CalendarCell.swift in Sources */,
				E29D0A0B1FCEA81000E67B04 /* HelpRequestsTableViewController.swift in Sources */,
				B77CCCC01FB93F2600ECAD81 /* CustomRadioButton.swift in Sources */,
				B7058C601FCFA15000D2368B /* AccountController.swift in Sources */,
				B75759971FB230CD006845E9 /* DataModel.swift in Sources */,
				E29D0A171FD073E700E67B04 /* DateDisplayCell.swift in Sources */,
				B7194FEE1FB36346000A954E /* CustomLabel.swift in Sources */,
				B75759901FB22DF0006845E9 /* CustomTextField.swift in Sources */,
				BB3AE4731FC7926B00A0470A /* DB.swift in Sources */,
				E228CA131FD4F07100767C94 /* ChatViewController.swift in Sources */,
				B77CCCC21FB9414400ECAD81 /* RadioButtonController.swift in Sources */,
				B77CCCBE1FB916A200ECAD81 /* HelpLineViewController.swift in Sources */,
				E1658F091FC3F9E500DCAFD8 /* CalendarTableViewCell.swift in Sources */,
				B7058C621FCFA19D00D2368B /* LeftFireField.swift in Sources */,
				E1658F0D1FC4B81200DCAFD8 /* CalendarTableViewShadow.swift in Sources */,
				B73083B51FCCE969000AD305 /* DormCollectionViewCell.swift in Sources */,
				B73083B11FCCE8F4000AD305 /* UITextFieldExtensions.swift in Sources */,
				BB395BE41FD5174D00456FCF /* SessionInfo.swift in Sources */,
				E29D0A0A1FCEA81000E67B04 /* HelpRequestCell.swift in Sources */,
				BB3AE4711FC61A8400A0470A /* Utilities.swift in Sources */,
				BB344B4C1FCFA8E200BD890B /* myTabBar.swift in Sources */,
				B7058C641FCFA28B00D2368B /* FireButton.swift in Sources */,
				B73083951FCCE83D000AD305 /* FIreTextField.swift in Sources */,
				B75759611FAFE81D006845E9 /* ViewController.swift in Sources */,
				E190751C1FBA90D30038F6E9 /* CalendarViewController.swift in Sources */,
				B73083B61FCCE969000AD305 /* HelplineViewController.swift in Sources */,
				B7194FF51FB38146000A954E /* CustomButton.swift in Sources */,
				B757595F1FAFE81D006845E9 /* AppDelegate.swift in Sources */,
				B7194FF31FB3658C000A954E /* UIViewControllerExtension.swift in Sources */,
				B757598D1FB22C28006845E9 /* AccountViewController.swift in Sources */,
			);
			runOnlyForDeploymentPostprocessing = 0;
		};
		B757596B1FAFE81D006845E9 /* Sources */ = {
			isa = PBXSourcesBuildPhase;
			buildActionMask = 2147483647;
			files = (
				E190751D1FBA90D30038F6E9 /* CalendarViewController.swift in Sources */,
				E19075181FBA90900038F6E9 /* CalendarExtensions.swift in Sources */,
				B75759741FAFE81D006845E9 /* FirePageTests.swift in Sources */,
				E1658F0E1FC4B81200DCAFD8 /* CalendarTableViewShadow.swift in Sources */,
				E1658F0A1FC3F9E500DCAFD8 /* CalendarTableViewCell.swift in Sources */,
				E19075291FBA977A0038F6E9 /* CalendarCell.swift in Sources */,
			);
			runOnlyForDeploymentPostprocessing = 0;
		};
		B75759761FAFE81D006845E9 /* Sources */ = {
			isa = PBXSourcesBuildPhase;
			buildActionMask = 2147483647;
			files = (
				E190751E1FBA90D30038F6E9 /* CalendarViewController.swift in Sources */,
				E19075191FBA90900038F6E9 /* CalendarExtensions.swift in Sources */,
				B757597F1FAFE81D006845E9 /* FirePageUITests.swift in Sources */,
				E1658F0F1FC4B81200DCAFD8 /* CalendarTableViewShadow.swift in Sources */,
				E1658F0B1FC3F9E500DCAFD8 /* CalendarTableViewCell.swift in Sources */,
				E190752A1FBA977A0038F6E9 /* CalendarCell.swift in Sources */,
			);
			runOnlyForDeploymentPostprocessing = 0;
		};
/* End PBXSourcesBuildPhase section */

/* Begin PBXTargetDependency section */
		B75759711FAFE81D006845E9 /* PBXTargetDependency */ = {
			isa = PBXTargetDependency;
			target = B757595A1FAFE81D006845E9 /* FirePage */;
			targetProxy = B75759701FAFE81D006845E9 /* PBXContainerItemProxy */;
		};
		B757597C1FAFE81D006845E9 /* PBXTargetDependency */ = {
			isa = PBXTargetDependency;
			target = B757595A1FAFE81D006845E9 /* FirePage */;
			targetProxy = B757597B1FAFE81D006845E9 /* PBXContainerItemProxy */;
		};
/* End PBXTargetDependency section */

/* Begin PBXVariantGroup section */
		B75759621FAFE81D006845E9 /* Main.storyboard */ = {
			isa = PBXVariantGroup;
			children = (
				B75759631FAFE81D006845E9 /* Base */,
			);
			name = Main.storyboard;
			sourceTree = "<group>";
		};
		B75759671FAFE81D006845E9 /* LaunchScreen.storyboard */ = {
			isa = PBXVariantGroup;
			children = (
				B75759681FAFE81D006845E9 /* Base */,
			);
			name = LaunchScreen.storyboard;
			sourceTree = "<group>";
		};
		BB344B4F1FCFAFB700BD890B /* HelpLine.storyboard */ = {
			isa = PBXVariantGroup;
			children = (
				BB344B4E1FCFAFB700BD890B /* Base */,
			);
			name = HelpLine.storyboard;
			sourceTree = "<group>";
		};
/* End PBXVariantGroup section */

/* Begin XCBuildConfiguration section */
		B75759811FAFE81D006845E9 /* Debug */ = {
			isa = XCBuildConfiguration;
			buildSettings = {
				ALWAYS_SEARCH_USER_PATHS = NO;
				CLANG_ANALYZER_NONNULL = YES;
				CLANG_ANALYZER_NUMBER_OBJECT_CONVERSION = YES_AGGRESSIVE;
				CLANG_CXX_LANGUAGE_STANDARD = "gnu++14";
				CLANG_CXX_LIBRARY = "libc++";
				CLANG_ENABLE_MODULES = YES;
				CLANG_ENABLE_OBJC_ARC = YES;
				CLANG_WARN_BLOCK_CAPTURE_AUTORELEASING = YES;
				CLANG_WARN_BOOL_CONVERSION = YES;
				CLANG_WARN_COMMA = YES;
				CLANG_WARN_CONSTANT_CONVERSION = YES;
				CLANG_WARN_DIRECT_OBJC_ISA_USAGE = YES_ERROR;
				CLANG_WARN_DOCUMENTATION_COMMENTS = YES;
				CLANG_WARN_EMPTY_BODY = YES;
				CLANG_WARN_ENUM_CONVERSION = YES;
				CLANG_WARN_INFINITE_RECURSION = YES;
				CLANG_WARN_INT_CONVERSION = YES;
				CLANG_WARN_NON_LITERAL_NULL_CONVERSION = YES;
				CLANG_WARN_OBJC_LITERAL_CONVERSION = YES;
				CLANG_WARN_OBJC_ROOT_CLASS = YES_ERROR;
				CLANG_WARN_RANGE_LOOP_ANALYSIS = YES;
				CLANG_WARN_STRICT_PROTOTYPES = YES;
				CLANG_WARN_SUSPICIOUS_MOVE = YES;
				CLANG_WARN_UNGUARDED_AVAILABILITY = YES_AGGRESSIVE;
				CLANG_WARN_UNREACHABLE_CODE = YES;
				CLANG_WARN__DUPLICATE_METHOD_MATCH = YES;
				CODE_SIGN_IDENTITY = "iPhone Developer";
				COPY_PHASE_STRIP = NO;
				DEBUG_INFORMATION_FORMAT = dwarf;
				ENABLE_STRICT_OBJC_MSGSEND = YES;
				ENABLE_TESTABILITY = YES;
				GCC_C_LANGUAGE_STANDARD = gnu11;
				GCC_DYNAMIC_NO_PIC = NO;
				GCC_NO_COMMON_BLOCKS = YES;
				GCC_OPTIMIZATION_LEVEL = 0;
				GCC_PREPROCESSOR_DEFINITIONS = (
					"DEBUG=1",
					"$(inherited)",
				);
				GCC_WARN_64_TO_32_BIT_CONVERSION = YES;
				GCC_WARN_ABOUT_RETURN_TYPE = YES_ERROR;
				GCC_WARN_UNDECLARED_SELECTOR = YES;
				GCC_WARN_UNINITIALIZED_AUTOS = YES_AGGRESSIVE;
				GCC_WARN_UNUSED_FUNCTION = YES;
				GCC_WARN_UNUSED_VARIABLE = YES;
				IPHONEOS_DEPLOYMENT_TARGET = 11.0;
				MTL_ENABLE_DEBUG_INFO = YES;
				ONLY_ACTIVE_ARCH = YES;
				SDKROOT = iphoneos;
				SWIFT_ACTIVE_COMPILATION_CONDITIONS = DEBUG;
				SWIFT_OPTIMIZATION_LEVEL = "-Onone";
			};
			name = Debug;
		};
		B75759821FAFE81D006845E9 /* Release */ = {
			isa = XCBuildConfiguration;
			buildSettings = {
				ALWAYS_SEARCH_USER_PATHS = NO;
				CLANG_ANALYZER_NONNULL = YES;
				CLANG_ANALYZER_NUMBER_OBJECT_CONVERSION = YES_AGGRESSIVE;
				CLANG_CXX_LANGUAGE_STANDARD = "gnu++14";
				CLANG_CXX_LIBRARY = "libc++";
				CLANG_ENABLE_MODULES = YES;
				CLANG_ENABLE_OBJC_ARC = YES;
				CLANG_WARN_BLOCK_CAPTURE_AUTORELEASING = YES;
				CLANG_WARN_BOOL_CONVERSION = YES;
				CLANG_WARN_COMMA = YES;
				CLANG_WARN_CONSTANT_CONVERSION = YES;
				CLANG_WARN_DIRECT_OBJC_ISA_USAGE = YES_ERROR;
				CLANG_WARN_DOCUMENTATION_COMMENTS = YES;
				CLANG_WARN_EMPTY_BODY = YES;
				CLANG_WARN_ENUM_CONVERSION = YES;
				CLANG_WARN_INFINITE_RECURSION = YES;
				CLANG_WARN_INT_CONVERSION = YES;
				CLANG_WARN_NON_LITERAL_NULL_CONVERSION = YES;
				CLANG_WARN_OBJC_LITERAL_CONVERSION = YES;
				CLANG_WARN_OBJC_ROOT_CLASS = YES_ERROR;
				CLANG_WARN_RANGE_LOOP_ANALYSIS = YES;
				CLANG_WARN_STRICT_PROTOTYPES = YES;
				CLANG_WARN_SUSPICIOUS_MOVE = YES;
				CLANG_WARN_UNGUARDED_AVAILABILITY = YES_AGGRESSIVE;
				CLANG_WARN_UNREACHABLE_CODE = YES;
				CLANG_WARN__DUPLICATE_METHOD_MATCH = YES;
				CODE_SIGN_IDENTITY = "iPhone Developer";
				COPY_PHASE_STRIP = NO;
				DEBUG_INFORMATION_FORMAT = "dwarf-with-dsym";
				ENABLE_NS_ASSERTIONS = NO;
				ENABLE_STRICT_OBJC_MSGSEND = YES;
				GCC_C_LANGUAGE_STANDARD = gnu11;
				GCC_NO_COMMON_BLOCKS = YES;
				GCC_WARN_64_TO_32_BIT_CONVERSION = YES;
				GCC_WARN_ABOUT_RETURN_TYPE = YES_ERROR;
				GCC_WARN_UNDECLARED_SELECTOR = YES;
				GCC_WARN_UNINITIALIZED_AUTOS = YES_AGGRESSIVE;
				GCC_WARN_UNUSED_FUNCTION = YES;
				GCC_WARN_UNUSED_VARIABLE = YES;
				IPHONEOS_DEPLOYMENT_TARGET = 11.0;
				MTL_ENABLE_DEBUG_INFO = NO;
				SDKROOT = iphoneos;
				SWIFT_OPTIMIZATION_LEVEL = "-Owholemodule";
				VALIDATE_PRODUCT = YES;
			};
			name = Release;
		};
		B75759841FAFE81D006845E9 /* Debug */ = {
			isa = XCBuildConfiguration;
			baseConfigurationReference = 6C4EF73F926B5AE8FE235327 /* Pods-FirePage.debug.xcconfig */;
			buildSettings = {
				ASSETCATALOG_COMPILER_APPICON_NAME = AppIcon;
				CODE_SIGN_STYLE = Automatic;
				DEVELOPMENT_TEAM = B5CB79S8A3;
				INFOPLIST_FILE = FirePage/Info.plist;
				LD_RUNPATH_SEARCH_PATHS = "$(inherited) @executable_path/Frameworks";
				PRODUCT_BUNDLE_IDENTIFIER = TheGargs.FirePage.rhs16;
				PRODUCT_NAME = "$(TARGET_NAME)";
				SWIFT_OBJC_BRIDGING_HEADER = FirePage/BridgingHeader.h;
				SWIFT_VERSION = 4.0;
				TARGETED_DEVICE_FAMILY = "1,2";
			};
			name = Debug;
		};
		B75759851FAFE81D006845E9 /* Release */ = {
			isa = XCBuildConfiguration;
			baseConfigurationReference = AB54A5AE134096A053D4FAD3 /* Pods-FirePage.release.xcconfig */;
			buildSettings = {
				ASSETCATALOG_COMPILER_APPICON_NAME = AppIcon;
				CODE_SIGN_STYLE = Automatic;
				DEVELOPMENT_TEAM = B5CB79S8A3;
				INFOPLIST_FILE = FirePage/Info.plist;
				LD_RUNPATH_SEARCH_PATHS = "$(inherited) @executable_path/Frameworks";
				PRODUCT_BUNDLE_IDENTIFIER = TheGargs.FirePage.rhs16;
				PRODUCT_NAME = "$(TARGET_NAME)";
				SWIFT_OBJC_BRIDGING_HEADER = FirePage/BridgingHeader.h;
				SWIFT_VERSION = 4.0;
				TARGETED_DEVICE_FAMILY = "1,2";
			};
			name = Release;
		};
		B75759871FAFE81D006845E9 /* Debug */ = {
			isa = XCBuildConfiguration;
			baseConfigurationReference = 2C4D282A2A173C736F5567A0 /* Pods-FirePageTests.debug.xcconfig */;
			buildSettings = {
				ALWAYS_EMBED_SWIFT_STANDARD_LIBRARIES = YES;
				BUNDLE_LOADER = "$(TEST_HOST)";
				CODE_SIGN_STYLE = Automatic;
				DEVELOPMENT_TEAM = U6J58C8CJT;
				INFOPLIST_FILE = FirePageTests/Info.plist;
				LD_RUNPATH_SEARCH_PATHS = "$(inherited) @executable_path/Frameworks @loader_path/Frameworks";
				PRODUCT_BUNDLE_IDENTIFIER = TheGargs.FirePageTests;
				PRODUCT_NAME = "$(TARGET_NAME)";
				SWIFT_VERSION = 4.0;
				TARGETED_DEVICE_FAMILY = "1,2";
				TEST_HOST = "$(BUILT_PRODUCTS_DIR)/FirePage.app/FirePage";
			};
			name = Debug;
		};
		B75759881FAFE81D006845E9 /* Release */ = {
			isa = XCBuildConfiguration;
			baseConfigurationReference = D2117D8DE3849B4FE649D3B7 /* Pods-FirePageTests.release.xcconfig */;
			buildSettings = {
				ALWAYS_EMBED_SWIFT_STANDARD_LIBRARIES = YES;
				BUNDLE_LOADER = "$(TEST_HOST)";
				CODE_SIGN_STYLE = Automatic;
				DEVELOPMENT_TEAM = U6J58C8CJT;
				INFOPLIST_FILE = FirePageTests/Info.plist;
				LD_RUNPATH_SEARCH_PATHS = "$(inherited) @executable_path/Frameworks @loader_path/Frameworks";
				PRODUCT_BUNDLE_IDENTIFIER = TheGargs.FirePageTests;
				PRODUCT_NAME = "$(TARGET_NAME)";
				SWIFT_VERSION = 4.0;
				TARGETED_DEVICE_FAMILY = "1,2";
				TEST_HOST = "$(BUILT_PRODUCTS_DIR)/FirePage.app/FirePage";
			};
			name = Release;
		};
		B757598A1FAFE81D006845E9 /* Debug */ = {
			isa = XCBuildConfiguration;
			baseConfigurationReference = F3620387EED78349E70D83C9 /* Pods-FirePageUITests.debug.xcconfig */;
			buildSettings = {
				ALWAYS_EMBED_SWIFT_STANDARD_LIBRARIES = YES;
				CODE_SIGN_STYLE = Automatic;
				DEVELOPMENT_TEAM = U6J58C8CJT;
				INFOPLIST_FILE = FirePageUITests/Info.plist;
				LD_RUNPATH_SEARCH_PATHS = "$(inherited) @executable_path/Frameworks @loader_path/Frameworks";
				PRODUCT_BUNDLE_IDENTIFIER = TheGargs.FirePageUITests;
				PRODUCT_NAME = "$(TARGET_NAME)";
				SWIFT_VERSION = 4.0;
				TARGETED_DEVICE_FAMILY = "1,2";
				TEST_TARGET_NAME = FirePage;
			};
			name = Debug;
		};
		B757598B1FAFE81D006845E9 /* Release */ = {
			isa = XCBuildConfiguration;
			baseConfigurationReference = 45AC851D9D3BD85232ABE751 /* Pods-FirePageUITests.release.xcconfig */;
			buildSettings = {
				ALWAYS_EMBED_SWIFT_STANDARD_LIBRARIES = YES;
				CODE_SIGN_STYLE = Automatic;
				DEVELOPMENT_TEAM = U6J58C8CJT;
				INFOPLIST_FILE = FirePageUITests/Info.plist;
				LD_RUNPATH_SEARCH_PATHS = "$(inherited) @executable_path/Frameworks @loader_path/Frameworks";
				PRODUCT_BUNDLE_IDENTIFIER = TheGargs.FirePageUITests;
				PRODUCT_NAME = "$(TARGET_NAME)";
				SWIFT_VERSION = 4.0;
				TARGETED_DEVICE_FAMILY = "1,2";
				TEST_TARGET_NAME = FirePage;
			};
			name = Release;
		};
/* End XCBuildConfiguration section */

/* Begin XCConfigurationList section */
		B75759561FAFE81D006845E9 /* Build configuration list for PBXProject "FirePage" */ = {
			isa = XCConfigurationList;
			buildConfigurations = (
				B75759811FAFE81D006845E9 /* Debug */,
				B75759821FAFE81D006845E9 /* Release */,
			);
			defaultConfigurationIsVisible = 0;
			defaultConfigurationName = Release;
		};
		B75759831FAFE81D006845E9 /* Build configuration list for PBXNativeTarget "FirePage" */ = {
			isa = XCConfigurationList;
			buildConfigurations = (
				B75759841FAFE81D006845E9 /* Debug */,
				B75759851FAFE81D006845E9 /* Release */,
			);
			defaultConfigurationIsVisible = 0;
			defaultConfigurationName = Release;
		};
		B75759861FAFE81D006845E9 /* Build configuration list for PBXNativeTarget "FirePageTests" */ = {
			isa = XCConfigurationList;
			buildConfigurations = (
				B75759871FAFE81D006845E9 /* Debug */,
				B75759881FAFE81D006845E9 /* Release */,
			);
			defaultConfigurationIsVisible = 0;
			defaultConfigurationName = Release;
		};
		B75759891FAFE81D006845E9 /* Build configuration list for PBXNativeTarget "FirePageUITests" */ = {
			isa = XCConfigurationList;
			buildConfigurations = (
				B757598A1FAFE81D006845E9 /* Debug */,
				B757598B1FAFE81D006845E9 /* Release */,
			);
			defaultConfigurationIsVisible = 0;
			defaultConfigurationName = Release;
		};
/* End XCConfigurationList section */
	};
	rootObject = B75759531FAFE81D006845E9 /* Project object */;
}
